// !$*UTF8*$!
{
	archiveVersion = 1;
	classes = {
	};
	objectVersion = 46;
	objects = {

/* Begin PBXBuildFile section */
		A811633B19D229CB00506D94 /* Item.m in Sources */ = {isa = PBXBuildFile; fileRef = A811633A19D229CB00506D94 /* Item.m */; };
		A811633D19D22A1000506D94 /* AVFoundation.framework in Frameworks */ = {isa = PBXBuildFile; fileRef = A811633C19D22A1000506D94 /* AVFoundation.framework */; };
		A811634019D22A9300506D94 /* SpriteItem.m in Sources */ = {isa = PBXBuildFile; fileRef = A811633F19D22A9300506D94 /* SpriteItem.m */; };
		A811634319D22B0000506D94 /* GerenciadorDeItem.m in Sources */ = {isa = PBXBuildFile; fileRef = A811634219D22B0000506D94 /* GerenciadorDeItem.m */; };
		A811634719D22C9000506D94 /* EfeitoItem.m in Sources */ = {isa = PBXBuildFile; fileRef = A811634619D22C9000506D94 /* EfeitoItem.m */; };
		A811634B19D22D9E00506D94 /* SomItem.m in Sources */ = {isa = PBXBuildFile; fileRef = A811634A19D22D9E00506D94 /* SomItem.m */; };
		A811634E19D22DAE00506D94 /* GerenciadorDeSom.m in Sources */ = {isa = PBXBuildFile; fileRef = A811634D19D22DAE00506D94 /* GerenciadorDeSom.m */; };
		A824717919D0AB0E00168026 /* Foundation.framework in Frameworks */ = {isa = PBXBuildFile; fileRef = A824717819D0AB0E00168026 /* Foundation.framework */; };
		A824717B19D0AB0E00168026 /* CoreGraphics.framework in Frameworks */ = {isa = PBXBuildFile; fileRef = A824717A19D0AB0E00168026 /* CoreGraphics.framework */; };
		A824717D19D0AB0E00168026 /* UIKit.framework in Frameworks */ = {isa = PBXBuildFile; fileRef = A824717C19D0AB0E00168026 /* UIKit.framework */; };
		A824717F19D0AB0E00168026 /* CoreData.framework in Frameworks */ = {isa = PBXBuildFile; fileRef = A824717E19D0AB0E00168026 /* CoreData.framework */; };
		A824718519D0AB0E00168026 /* InfoPlist.strings in Resources */ = {isa = PBXBuildFile; fileRef = A824718319D0AB0E00168026 /* InfoPlist.strings */; };
		A824718719D0AB0E00168026 /* main.m in Sources */ = {isa = PBXBuildFile; fileRef = A824718619D0AB0E00168026 /* main.m */; };
		A824718B19D0AB0E00168026 /* AppDelegate.m in Sources */ = {isa = PBXBuildFile; fileRef = A824718A19D0AB0E00168026 /* AppDelegate.m */; };
		A824718E19D0AB0E00168026 /* FazendaDoReMi.xcdatamodeld in Sources */ = {isa = PBXBuildFile; fileRef = A824718C19D0AB0E00168026 /* FazendaDoReMi.xcdatamodeld */; };
		A824719019D0AB0E00168026 /* Images.xcassets in Resources */ = {isa = PBXBuildFile; fileRef = A824718F19D0AB0E00168026 /* Images.xcassets */; };
		A824719719D0AB0E00168026 /* XCTest.framework in Frameworks */ = {isa = PBXBuildFile; fileRef = A824719619D0AB0E00168026 /* XCTest.framework */; };
		A824719819D0AB0E00168026 /* Foundation.framework in Frameworks */ = {isa = PBXBuildFile; fileRef = A824717819D0AB0E00168026 /* Foundation.framework */; };
		A824719919D0AB0E00168026 /* UIKit.framework in Frameworks */ = {isa = PBXBuildFile; fileRef = A824717C19D0AB0E00168026 /* UIKit.framework */; };
		A824719A19D0AB0E00168026 /* CoreData.framework in Frameworks */ = {isa = PBXBuildFile; fileRef = A824717E19D0AB0E00168026 /* CoreData.framework */; };
		A82471A219D0AB0E00168026 /* InfoPlist.strings in Resources */ = {isa = PBXBuildFile; fileRef = A82471A019D0AB0E00168026 /* InfoPlist.strings */; };
		A82471A419D0AB0E00168026 /* FazendaDoReMiTests.m in Sources */ = {isa = PBXBuildFile; fileRef = A82471A319D0AB0E00168026 /* FazendaDoReMiTests.m */; };
		A82471B219D0AE2600168026 /* iPad.storyboard in Resources */ = {isa = PBXBuildFile; fileRef = A82471B419D0AE2600168026 /* iPad.storyboard */; };
		A8B2C25119D5E36900B3D892 /* MenuViewController.m in Sources */ = {isa = PBXBuildFile; fileRef = A8B2C25019D5E36900B3D892 /* MenuViewController.m */; };
		A8B2C26519D5FACC00B3D892 /* Vanilla.otf in Resources */ = {isa = PBXBuildFile; fileRef = A8B2C26419D5FACC00B3D892 /* Vanilla.otf */; };
		A8B2C27019D6060700B3D892 /* background-arvore.png in Resources */ = {isa = PBXBuildFile; fileRef = A8B2C26619D6060700B3D892 /* background-arvore.png */; };
		A8B2C27119D6060700B3D892 /* background-ceu.png in Resources */ = {isa = PBXBuildFile; fileRef = A8B2C26719D6060700B3D892 /* background-ceu.png */; };
		A8B2C27519D6060700B3D892 /* cerca.png in Resources */ = {isa = PBXBuildFile; fileRef = A8B2C26B19D6060700B3D892 /* cerca.png */; };
		A8B2C27619D6060700B3D892 /* nuvem1.png in Resources */ = {isa = PBXBuildFile; fileRef = A8B2C26C19D6060700B3D892 /* nuvem1.png */; };
		A8B2C27719D6060700B3D892 /* nuvem2.png in Resources */ = {isa = PBXBuildFile; fileRef = A8B2C26D19D6060700B3D892 /* nuvem2.png */; };
		A8B2C27819D6060700B3D892 /* porteira-aberta.png in Resources */ = {isa = PBXBuildFile; fileRef = A8B2C26E19D6060700B3D892 /* porteira-aberta.png */; };
		A8B2C27919D6060700B3D892 /* porteira-fechada.png in Resources */ = {isa = PBXBuildFile; fileRef = A8B2C26F19D6060700B3D892 /* porteira-fechada.png */; };
		A8B2C27D19D60B0F00B3D892 /* botao-estudio.png in Resources */ = {isa = PBXBuildFile; fileRef = A8B2C27A19D60B0F00B3D892 /* botao-estudio.png */; };
		A8B2C27E19D60B0F00B3D892 /* botao-jogos.png in Resources */ = {isa = PBXBuildFile; fileRef = A8B2C27B19D60B0F00B3D892 /* botao-jogos.png */; };
		A8B2C27F19D60B0F00B3D892 /* botao-jornada.png in Resources */ = {isa = PBXBuildFile; fileRef = A8B2C27C19D60B0F00B3D892 /* botao-jornada.png */; };
		A8F1C4B219D1F8AD001850E4 /* EstudioViewController.m in Sources */ = {isa = PBXBuildFile; fileRef = A8F1C4B119D1F8AD001850E4 /* EstudioViewController.m */; };
		A8F1C4B519D20502001850E4 /* Exercicio.m in Sources */ = {isa = PBXBuildFile; fileRef = A8F1C4B419D20502001850E4 /* Exercicio.m */; };
		A8F1C4B819D205D6001850E4 /* Aula.m in Sources */ = {isa = PBXBuildFile; fileRef = A8F1C4B719D205D6001850E4 /* Aula.m */; };
		A8F1C4BB19D206CC001850E4 /* GerenciadorDeAula.m in Sources */ = {isa = PBXBuildFile; fileRef = A8F1C4BA19D206CC001850E4 /* GerenciadorDeAula.m */; };
		A8F1C4C319D207CE001850E4 /* Mascote.m in Sources */ = {isa = PBXBuildFile; fileRef = A8F1C4BE19D207CE001850E4 /* Mascote.m */; };
		A8F1C4C419D207CE001850E4 /* Conversa.m in Sources */ = {isa = PBXBuildFile; fileRef = A8F1C4C019D207CE001850E4 /* Conversa.m */; };
		A8F1C4C519D207CE001850E4 /* Fala.m in Sources */ = {isa = PBXBuildFile; fileRef = A8F1C4C219D207CE001850E4 /* Fala.m */; };
		A8F1C4C919D21129001850E4 /* GerenciadorDeMascote.m in Sources */ = {isa = PBXBuildFile; fileRef = A8F1C4C819D21129001850E4 /* GerenciadorDeMascote.m */; };
		A8F1C4CC19D21236001850E4 /* SpriteMascote.m in Sources */ = {isa = PBXBuildFile; fileRef = A8F1C4CB19D21236001850E4 /* SpriteMascote.m */; };
/* End PBXBuildFile section */

/* Begin PBXContainerItemProxy section */
		A824719B19D0AB0E00168026 /* PBXContainerItemProxy */ = {
			isa = PBXContainerItemProxy;
			containerPortal = A824716D19D0AB0E00168026 /* Project object */;
			proxyType = 1;
			remoteGlobalIDString = A824717419D0AB0E00168026;
			remoteInfo = FazendaDoReMi;
		};
/* End PBXContainerItemProxy section */

/* Begin PBXFileReference section */
		A811633919D229CB00506D94 /* Item.h */ = {isa = PBXFileReference; fileEncoding = 4; lastKnownFileType = sourcecode.c.h; path = Item.h; sourceTree = "<group>"; };
		A811633A19D229CB00506D94 /* Item.m */ = {isa = PBXFileReference; fileEncoding = 4; lastKnownFileType = sourcecode.c.objc; path = Item.m; sourceTree = "<group>"; };
		A811633C19D22A1000506D94 /* AVFoundation.framework */ = {isa = PBXFileReference; lastKnownFileType = wrapper.framework; name = AVFoundation.framework; path = System/Library/Frameworks/AVFoundation.framework; sourceTree = SDKROOT; };
		A811633E19D22A9300506D94 /* SpriteItem.h */ = {isa = PBXFileReference; fileEncoding = 4; lastKnownFileType = sourcecode.c.h; path = SpriteItem.h; sourceTree = "<group>"; };
		A811633F19D22A9300506D94 /* SpriteItem.m */ = {isa = PBXFileReference; fileEncoding = 4; lastKnownFileType = sourcecode.c.objc; path = SpriteItem.m; sourceTree = "<group>"; };
		A811634119D22B0000506D94 /* GerenciadorDeItem.h */ = {isa = PBXFileReference; fileEncoding = 4; lastKnownFileType = sourcecode.c.h; path = GerenciadorDeItem.h; sourceTree = "<group>"; };
		A811634219D22B0000506D94 /* GerenciadorDeItem.m */ = {isa = PBXFileReference; fileEncoding = 4; lastKnownFileType = sourcecode.c.objc; path = GerenciadorDeItem.m; sourceTree = "<group>"; };
		A811634519D22C9000506D94 /* EfeitoItem.h */ = {isa = PBXFileReference; fileEncoding = 4; lastKnownFileType = sourcecode.c.h; path = EfeitoItem.h; sourceTree = "<group>"; };
		A811634619D22C9000506D94 /* EfeitoItem.m */ = {isa = PBXFileReference; fileEncoding = 4; lastKnownFileType = sourcecode.c.objc; path = EfeitoItem.m; sourceTree = "<group>"; };
		A811634919D22D9E00506D94 /* SomItem.h */ = {isa = PBXFileReference; fileEncoding = 4; lastKnownFileType = sourcecode.c.h; path = SomItem.h; sourceTree = "<group>"; };
		A811634A19D22D9E00506D94 /* SomItem.m */ = {isa = PBXFileReference; fileEncoding = 4; lastKnownFileType = sourcecode.c.objc; path = SomItem.m; sourceTree = "<group>"; };
		A811634C19D22DAE00506D94 /* GerenciadorDeSom.h */ = {isa = PBXFileReference; fileEncoding = 4; lastKnownFileType = sourcecode.c.h; path = GerenciadorDeSom.h; sourceTree = "<group>"; };
		A811634D19D22DAE00506D94 /* GerenciadorDeSom.m */ = {isa = PBXFileReference; fileEncoding = 4; lastKnownFileType = sourcecode.c.objc; path = GerenciadorDeSom.m; sourceTree = "<group>"; };
		A824717519D0AB0E00168026 /* FazendaDoReMi.app */ = {isa = PBXFileReference; explicitFileType = wrapper.application; includeInIndex = 0; path = FazendaDoReMi.app; sourceTree = BUILT_PRODUCTS_DIR; };
		A824717819D0AB0E00168026 /* Foundation.framework */ = {isa = PBXFileReference; lastKnownFileType = wrapper.framework; name = Foundation.framework; path = System/Library/Frameworks/Foundation.framework; sourceTree = SDKROOT; };
		A824717A19D0AB0E00168026 /* CoreGraphics.framework */ = {isa = PBXFileReference; lastKnownFileType = wrapper.framework; name = CoreGraphics.framework; path = System/Library/Frameworks/CoreGraphics.framework; sourceTree = SDKROOT; };
		A824717C19D0AB0E00168026 /* UIKit.framework */ = {isa = PBXFileReference; lastKnownFileType = wrapper.framework; name = UIKit.framework; path = System/Library/Frameworks/UIKit.framework; sourceTree = SDKROOT; };
		A824717E19D0AB0E00168026 /* CoreData.framework */ = {isa = PBXFileReference; lastKnownFileType = wrapper.framework; name = CoreData.framework; path = System/Library/Frameworks/CoreData.framework; sourceTree = SDKROOT; };
		A824718219D0AB0E00168026 /* FazendaDoReMi-Info.plist */ = {isa = PBXFileReference; lastKnownFileType = text.plist.xml; path = "FazendaDoReMi-Info.plist"; sourceTree = "<group>"; };
		A824718419D0AB0E00168026 /* en */ = {isa = PBXFileReference; lastKnownFileType = text.plist.strings; name = en; path = en.lproj/InfoPlist.strings; sourceTree = "<group>"; };
		A824718619D0AB0E00168026 /* main.m */ = {isa = PBXFileReference; lastKnownFileType = sourcecode.c.objc; path = main.m; sourceTree = "<group>"; };
		A824718819D0AB0E00168026 /* FazendaDoReMi-Prefix.pch */ = {isa = PBXFileReference; lastKnownFileType = sourcecode.c.h; path = "FazendaDoReMi-Prefix.pch"; sourceTree = "<group>"; };
		A824718919D0AB0E00168026 /* AppDelegate.h */ = {isa = PBXFileReference; lastKnownFileType = sourcecode.c.h; name = AppDelegate.h; path = FazendaDoReMi/AppDelegate.h; sourceTree = "<group>"; };
		A824718A19D0AB0E00168026 /* AppDelegate.m */ = {isa = PBXFileReference; lastKnownFileType = sourcecode.c.objc; name = AppDelegate.m; path = FazendaDoReMi/AppDelegate.m; sourceTree = "<group>"; };
		A824718D19D0AB0E00168026 /* FazendaDoReMi.xcdatamodel */ = {isa = PBXFileReference; lastKnownFileType = wrapper.xcdatamodel; path = FazendaDoReMi.xcdatamodel; sourceTree = "<group>"; };
		A824718F19D0AB0E00168026 /* Images.xcassets */ = {isa = PBXFileReference; lastKnownFileType = folder.assetcatalog; name = Images.xcassets; path = FazendaDoReMi/Images.xcassets; sourceTree = "<group>"; };
		A824719519D0AB0E00168026 /* FazendaDoReMiTests.xctest */ = {isa = PBXFileReference; explicitFileType = wrapper.cfbundle; includeInIndex = 0; path = FazendaDoReMiTests.xctest; sourceTree = BUILT_PRODUCTS_DIR; };
		A824719619D0AB0E00168026 /* XCTest.framework */ = {isa = PBXFileReference; lastKnownFileType = wrapper.framework; name = XCTest.framework; path = Library/Frameworks/XCTest.framework; sourceTree = DEVELOPER_DIR; };
		A824719F19D0AB0E00168026 /* FazendaDoReMiTests-Info.plist */ = {isa = PBXFileReference; lastKnownFileType = text.plist.xml; path = "FazendaDoReMiTests-Info.plist"; sourceTree = "<group>"; };
		A82471A119D0AB0E00168026 /* en */ = {isa = PBXFileReference; lastKnownFileType = text.plist.strings; name = en; path = en.lproj/InfoPlist.strings; sourceTree = "<group>"; };
		A82471A319D0AB0E00168026 /* FazendaDoReMiTests.m */ = {isa = PBXFileReference; lastKnownFileType = sourcecode.c.objc; path = FazendaDoReMiTests.m; sourceTree = "<group>"; };
		A82471B319D0AE2600168026 /* en */ = {isa = PBXFileReference; lastKnownFileType = file.storyboard; name = en; path = en.lproj/iPad.storyboard; sourceTree = "<group>"; };
		A8B2C24F19D5E36900B3D892 /* MenuViewController.h */ = {isa = PBXFileReference; fileEncoding = 4; lastKnownFileType = sourcecode.c.h; path = MenuViewController.h; sourceTree = "<group>"; };
		A8B2C25019D5E36900B3D892 /* MenuViewController.m */ = {isa = PBXFileReference; fileEncoding = 4; lastKnownFileType = sourcecode.c.objc; path = MenuViewController.m; sourceTree = "<group>"; };
		A8B2C26419D5FACC00B3D892 /* Vanilla.otf */ = {isa = PBXFileReference; lastKnownFileType = file; path = Vanilla.otf; sourceTree = "<group>"; };
		A8B2C26619D6060700B3D892 /* background-arvore.png */ = {isa = PBXFileReference; lastKnownFileType = image.png; path = "background-arvore.png"; sourceTree = SOURCE_ROOT; };
		A8B2C26719D6060700B3D892 /* background-ceu.png */ = {isa = PBXFileReference; lastKnownFileType = image.png; path = "background-ceu.png"; sourceTree = SOURCE_ROOT; };
		A8B2C26B19D6060700B3D892 /* cerca.png */ = {isa = PBXFileReference; lastKnownFileType = image.png; path = cerca.png; sourceTree = SOURCE_ROOT; };
		A8B2C26C19D6060700B3D892 /* nuvem1.png */ = {isa = PBXFileReference; lastKnownFileType = image.png; path = nuvem1.png; sourceTree = SOURCE_ROOT; };
		A8B2C26D19D6060700B3D892 /* nuvem2.png */ = {isa = PBXFileReference; lastKnownFileType = image.png; path = nuvem2.png; sourceTree = SOURCE_ROOT; };
		A8B2C26E19D6060700B3D892 /* porteira-aberta.png */ = {isa = PBXFileReference; lastKnownFileType = image.png; path = "porteira-aberta.png"; sourceTree = SOURCE_ROOT; };
		A8B2C26F19D6060700B3D892 /* porteira-fechada.png */ = {isa = PBXFileReference; lastKnownFileType = image.png; path = "porteira-fechada.png"; sourceTree = SOURCE_ROOT; };
		A8B2C27A19D60B0F00B3D892 /* botao-estudio.png */ = {isa = PBXFileReference; lastKnownFileType = image.png; path = "botao-estudio.png"; sourceTree = SOURCE_ROOT; };
		A8B2C27B19D60B0F00B3D892 /* botao-jogos.png */ = {isa = PBXFileReference; lastKnownFileType = image.png; path = "botao-jogos.png"; sourceTree = SOURCE_ROOT; };
		A8B2C27C19D60B0F00B3D892 /* botao-jornada.png */ = {isa = PBXFileReference; lastKnownFileType = image.png; path = "botao-jornada.png"; sourceTree = SOURCE_ROOT; };
		A8F1C4B019D1F8AD001850E4 /* EstudioViewController.h */ = {isa = PBXFileReference; fileEncoding = 4; lastKnownFileType = sourcecode.c.h; path = EstudioViewController.h; sourceTree = "<group>"; };
		A8F1C4B119D1F8AD001850E4 /* EstudioViewController.m */ = {isa = PBXFileReference; fileEncoding = 4; lastKnownFileType = sourcecode.c.objc; path = EstudioViewController.m; sourceTree = "<group>"; };
		A8F1C4B319D20502001850E4 /* Exercicio.h */ = {isa = PBXFileReference; fileEncoding = 4; lastKnownFileType = sourcecode.c.h; path = Exercicio.h; sourceTree = "<group>"; };
		A8F1C4B419D20502001850E4 /* Exercicio.m */ = {isa = PBXFileReference; fileEncoding = 4; lastKnownFileType = sourcecode.c.objc; path = Exercicio.m; sourceTree = "<group>"; };
		A8F1C4B619D205D6001850E4 /* Aula.h */ = {isa = PBXFileReference; fileEncoding = 4; lastKnownFileType = sourcecode.c.h; path = Aula.h; sourceTree = "<group>"; };
		A8F1C4B719D205D6001850E4 /* Aula.m */ = {isa = PBXFileReference; fileEncoding = 4; lastKnownFileType = sourcecode.c.objc; path = Aula.m; sourceTree = "<group>"; };
		A8F1C4B919D206CC001850E4 /* GerenciadorDeAula.h */ = {isa = PBXFileReference; fileEncoding = 4; lastKnownFileType = sourcecode.c.h; path = GerenciadorDeAula.h; sourceTree = "<group>"; };
		A8F1C4BA19D206CC001850E4 /* GerenciadorDeAula.m */ = {isa = PBXFileReference; fileEncoding = 4; lastKnownFileType = sourcecode.c.objc; path = GerenciadorDeAula.m; sourceTree = "<group>"; };
		A8F1C4BD19D207CE001850E4 /* Mascote.h */ = {isa = PBXFileReference; fileEncoding = 4; lastKnownFileType = sourcecode.c.h; path = Mascote.h; sourceTree = "<group>"; };
		A8F1C4BE19D207CE001850E4 /* Mascote.m */ = {isa = PBXFileReference; fileEncoding = 4; lastKnownFileType = sourcecode.c.objc; path = Mascote.m; sourceTree = "<group>"; };
		A8F1C4BF19D207CE001850E4 /* Conversa.h */ = {isa = PBXFileReference; fileEncoding = 4; lastKnownFileType = sourcecode.c.h; path = Conversa.h; sourceTree = "<group>"; };
		A8F1C4C019D207CE001850E4 /* Conversa.m */ = {isa = PBXFileReference; fileEncoding = 4; lastKnownFileType = sourcecode.c.objc; path = Conversa.m; sourceTree = "<group>"; };
		A8F1C4C119D207CE001850E4 /* Fala.h */ = {isa = PBXFileReference; fileEncoding = 4; lastKnownFileType = sourcecode.c.h; path = Fala.h; sourceTree = "<group>"; };
		A8F1C4C219D207CE001850E4 /* Fala.m */ = {isa = PBXFileReference; fileEncoding = 4; lastKnownFileType = sourcecode.c.objc; path = Fala.m; sourceTree = "<group>"; };
		A8F1C4C719D21129001850E4 /* GerenciadorDeMascote.h */ = {isa = PBXFileReference; fileEncoding = 4; lastKnownFileType = sourcecode.c.h; path = GerenciadorDeMascote.h; sourceTree = "<group>"; };
		A8F1C4C819D21129001850E4 /* GerenciadorDeMascote.m */ = {isa = PBXFileReference; fileEncoding = 4; lastKnownFileType = sourcecode.c.objc; path = GerenciadorDeMascote.m; sourceTree = "<group>"; };
		A8F1C4CA19D21236001850E4 /* SpriteMascote.h */ = {isa = PBXFileReference; fileEncoding = 4; lastKnownFileType = sourcecode.c.h; path = SpriteMascote.h; sourceTree = "<group>"; };
		A8F1C4CB19D21236001850E4 /* SpriteMascote.m */ = {isa = PBXFileReference; fileEncoding = 4; lastKnownFileType = sourcecode.c.objc; path = SpriteMascote.m; sourceTree = "<group>"; };
/* End PBXFileReference section */

/* Begin PBXFrameworksBuildPhase section */
		A824717219D0AB0E00168026 /* Frameworks */ = {
			isa = PBXFrameworksBuildPhase;
			buildActionMask = 2147483647;
			files = (
				A811633D19D22A1000506D94 /* AVFoundation.framework in Frameworks */,
				A824717B19D0AB0E00168026 /* CoreGraphics.framework in Frameworks */,
				A824717F19D0AB0E00168026 /* CoreData.framework in Frameworks */,
				A824717D19D0AB0E00168026 /* UIKit.framework in Frameworks */,
				A824717919D0AB0E00168026 /* Foundation.framework in Frameworks */,
			);
			runOnlyForDeploymentPostprocessing = 0;
		};
		A824719219D0AB0E00168026 /* Frameworks */ = {
			isa = PBXFrameworksBuildPhase;
			buildActionMask = 2147483647;
			files = (
				A824719719D0AB0E00168026 /* XCTest.framework in Frameworks */,
				A824719A19D0AB0E00168026 /* CoreData.framework in Frameworks */,
				A824719919D0AB0E00168026 /* UIKit.framework in Frameworks */,
				A824719819D0AB0E00168026 /* Foundation.framework in Frameworks */,
			);
			runOnlyForDeploymentPostprocessing = 0;
		};
/* End PBXFrameworksBuildPhase section */

/* Begin PBXGroup section */
		A811634419D22C5300506D94 /* Item */ = {
			isa = PBXGroup;
			children = (
				A811634119D22B0000506D94 /* GerenciadorDeItem.h */,
				A811634219D22B0000506D94 /* GerenciadorDeItem.m */,
				A811633919D229CB00506D94 /* Item.h */,
				A811633A19D229CB00506D94 /* Item.m */,
				A811633E19D22A9300506D94 /* SpriteItem.h */,
				A811633F19D22A9300506D94 /* SpriteItem.m */,
				A811634519D22C9000506D94 /* EfeitoItem.h */,
				A811634619D22C9000506D94 /* EfeitoItem.m */,
			);
			name = Item;
			path = ..;
			sourceTree = "<group>";
		};
		A811634819D22D8300506D94 /* Som */ = {
			isa = PBXGroup;
			children = (
				A811634C19D22DAE00506D94 /* GerenciadorDeSom.h */,
				A811634D19D22DAE00506D94 /* GerenciadorDeSom.m */,
				A811634919D22D9E00506D94 /* SomItem.h */,
				A811634A19D22D9E00506D94 /* SomItem.m */,
			);
			name = Som;
			sourceTree = "<group>";
		};
		A824716C19D0AB0E00168026 = {
			isa = PBXGroup;
			children = (
				A8B2C26419D5FACC00B3D892 /* Vanilla.otf */,
				A824718019D0AB0E00168026 /* FazendaDoReMi */,
				A824718919D0AB0E00168026 /* AppDelegate.h */,
				A824718A19D0AB0E00168026 /* AppDelegate.m */,
				A824718F19D0AB0E00168026 /* Images.xcassets */,
				A824718C19D0AB0E00168026 /* FazendaDoReMi.xcdatamodeld */,
				A824719D19D0AB0E00168026 /* FazendaDoReMiTests */,
				A824717719D0AB0E00168026 /* Frameworks */,
				A824717619D0AB0E00168026 /* Products */,
			);
			sourceTree = "<group>";
		};
		A824717619D0AB0E00168026 /* Products */ = {
			isa = PBXGroup;
			children = (
				A824717519D0AB0E00168026 /* FazendaDoReMi.app */,
				A824719519D0AB0E00168026 /* FazendaDoReMiTests.xctest */,
			);
			name = Products;
			sourceTree = "<group>";
		};
		A824717719D0AB0E00168026 /* Frameworks */ = {
			isa = PBXGroup;
			children = (
				A811633C19D22A1000506D94 /* AVFoundation.framework */,
				A824717819D0AB0E00168026 /* Foundation.framework */,
				A824717A19D0AB0E00168026 /* CoreGraphics.framework */,
				A824717C19D0AB0E00168026 /* UIKit.framework */,
				A824717E19D0AB0E00168026 /* CoreData.framework */,
				A824719619D0AB0E00168026 /* XCTest.framework */,
			);
			name = Frameworks;
			sourceTree = "<group>";
		};
		A824718019D0AB0E00168026 /* FazendaDoReMi */ = {
			isa = PBXGroup;
			children = (
				A8F1C4A519D1EA2F001850E4 /* Base */,
				A8F1C4AF19D1F89B001850E4 /* Controlador */,
				A8F1C4A719D1EA2F001850E4 /* Midia */,
				A82471B119D0AB6E00168026 /* Storyboard */,
				A824718119D0AB0E00168026 /* Supporting Files */,
			);
			path = FazendaDoReMi;
			sourceTree = "<group>";
		};
		A824718119D0AB0E00168026 /* Supporting Files */ = {
			isa = PBXGroup;
			children = (
				A824718219D0AB0E00168026 /* FazendaDoReMi-Info.plist */,
				A824718319D0AB0E00168026 /* InfoPlist.strings */,
				A824718619D0AB0E00168026 /* main.m */,
				A824718819D0AB0E00168026 /* FazendaDoReMi-Prefix.pch */,
			);
			name = "Supporting Files";
			sourceTree = "<group>";
		};
		A824719D19D0AB0E00168026 /* FazendaDoReMiTests */ = {
			isa = PBXGroup;
			children = (
				A82471A319D0AB0E00168026 /* FazendaDoReMiTests.m */,
				A824719E19D0AB0E00168026 /* Supporting Files */,
			);
			path = FazendaDoReMiTests;
			sourceTree = "<group>";
		};
		A824719E19D0AB0E00168026 /* Supporting Files */ = {
			isa = PBXGroup;
			children = (
				A824719F19D0AB0E00168026 /* FazendaDoReMiTests-Info.plist */,
				A82471A019D0AB0E00168026 /* InfoPlist.strings */,
			);
			name = "Supporting Files";
			sourceTree = "<group>";
		};
		A82471B119D0AB6E00168026 /* Storyboard */ = {
			isa = PBXGroup;
			children = (
				A82471B419D0AE2600168026 /* iPad.storyboard */,
			);
			name = Storyboard;
			sourceTree = "<group>";
		};
		A8B2C25219D5F2A200B3D892 /* MenuPrincipal */ = {
			isa = PBXGroup;
			children = (
				A8B2C26619D6060700B3D892 /* background-arvore.png */,
				A8B2C26719D6060700B3D892 /* background-ceu.png */,
				A8B2C26B19D6060700B3D892 /* cerca.png */,
				A8B2C26C19D6060700B3D892 /* nuvem1.png */,
				A8B2C26D19D6060700B3D892 /* nuvem2.png */,
				A8B2C26E19D6060700B3D892 /* porteira-aberta.png */,
				A8B2C26F19D6060700B3D892 /* porteira-fechada.png */,
				A8B2C27A19D60B0F00B3D892 /* botao-estudio.png */,
				A8B2C27B19D60B0F00B3D892 /* botao-jogos.png */,
				A8B2C27C19D60B0F00B3D892 /* botao-jornada.png */,
			);
			name = MenuPrincipal;
			sourceTree = "<group>";
		};
		A8F1C4A519D1EA2F001850E4 /* Base */ = {
			isa = PBXGroup;
			children = (
				A811634819D22D8300506D94 /* Som */,
				A8F1C4CD19D214E0001850E4 /* Exercicio */,
				A8F1C4C619D2110C001850E4 /* Mascote */,
				A811634419D22C5300506D94 /* Item */,
			);
			path = Base;
			sourceTree = "<group>";
		};
		A8F1C4A719D1EA2F001850E4 /* Midia */ = {
			isa = PBXGroup;
			children = (
				A8F1C4A819D1EA2F001850E4 /* Audio */,
				A8F1C4A919D1EA2F001850E4 /* Imagem */,
			);
			path = Midia;
			sourceTree = "<group>";
		};
		A8F1C4A819D1EA2F001850E4 /* Audio */ = {
			isa = PBXGroup;
			children = (
			);
			path = Audio;
			sourceTree = "<group>";
		};
		A8F1C4A919D1EA2F001850E4 /* Imagem */ = {
			isa = PBXGroup;
			children = (
				A8B2C25219D5F2A200B3D892 /* MenuPrincipal */,
			);
			path = Imagem;
			sourceTree = "<group>";
		};
		A8F1C4AF19D1F89B001850E4 /* Controlador */ = {
			isa = PBXGroup;
			children = (
				A8F1C4B019D1F8AD001850E4 /* EstudioViewController.h */,
				A8F1C4B119D1F8AD001850E4 /* EstudioViewController.m */,
				A8B2C24F19D5E36900B3D892 /* MenuViewController.h */,
				A8B2C25019D5E36900B3D892 /* MenuViewController.m */,
			);
			path = Controlador;
			sourceTree = "<group>";
		};
		A8F1C4C619D2110C001850E4 /* Mascote */ = {
			isa = PBXGroup;
			children = (
				A8F1C4C719D21129001850E4 /* GerenciadorDeMascote.h */,
				A8F1C4C819D21129001850E4 /* GerenciadorDeMascote.m */,
				A8F1C4BD19D207CE001850E4 /* Mascote.h */,
				A8F1C4BE19D207CE001850E4 /* Mascote.m */,
				A8F1C4CA19D21236001850E4 /* SpriteMascote.h */,
				A8F1C4CB19D21236001850E4 /* SpriteMascote.m */,
				A8F1C4BF19D207CE001850E4 /* Conversa.h */,
				A8F1C4C019D207CE001850E4 /* Conversa.m */,
				A8F1C4C119D207CE001850E4 /* Fala.h */,
				A8F1C4C219D207CE001850E4 /* Fala.m */,
			);
			name = Mascote;
			sourceTree = "<group>";
		};
		A8F1C4CD19D214E0001850E4 /* Exercicio */ = {
			isa = PBXGroup;
			children = (
				A8F1C4B919D206CC001850E4 /* GerenciadorDeAula.h */,
				A8F1C4BA19D206CC001850E4 /* GerenciadorDeAula.m */,
				A8F1C4B619D205D6001850E4 /* Aula.h */,
				A8F1C4B719D205D6001850E4 /* Aula.m */,
				A8F1C4B319D20502001850E4 /* Exercicio.h */,
				A8F1C4B419D20502001850E4 /* Exercicio.m */,
			);
			name = Exercicio;
			sourceTree = "<group>";
		};
/* End PBXGroup section */

/* Begin PBXNativeTarget section */
		A824717419D0AB0E00168026 /* FazendaDoReMi */ = {
			isa = PBXNativeTarget;
			buildConfigurationList = A82471A719D0AB0E00168026 /* Build configuration list for PBXNativeTarget "FazendaDoReMi" */;
			buildPhases = (
				A824717119D0AB0E00168026 /* Sources */,
				A824717219D0AB0E00168026 /* Frameworks */,
				A824717319D0AB0E00168026 /* Resources */,
			);
			buildRules = (
			);
			dependencies = (
			);
			name = FazendaDoReMi;
			productName = FazendaDoReMi;
			productReference = A824717519D0AB0E00168026 /* FazendaDoReMi.app */;
			productType = "com.apple.product-type.application";
		};
		A824719419D0AB0E00168026 /* FazendaDoReMiTests */ = {
			isa = PBXNativeTarget;
			buildConfigurationList = A82471AA19D0AB0E00168026 /* Build configuration list for PBXNativeTarget "FazendaDoReMiTests" */;
			buildPhases = (
				A824719119D0AB0E00168026 /* Sources */,
				A824719219D0AB0E00168026 /* Frameworks */,
				A824719319D0AB0E00168026 /* Resources */,
			);
			buildRules = (
			);
			dependencies = (
				A824719C19D0AB0E00168026 /* PBXTargetDependency */,
			);
			name = FazendaDoReMiTests;
			productName = FazendaDoReMiTests;
			productReference = A824719519D0AB0E00168026 /* FazendaDoReMiTests.xctest */;
			productType = "com.apple.product-type.bundle.unit-test";
		};
/* End PBXNativeTarget section */

/* Begin PBXProject section */
		A824716D19D0AB0E00168026 /* Project object */ = {
			isa = PBXProject;
			attributes = {
				LastUpgradeCheck = 0510;
				ORGANIZATIONNAME = "EMERSON BARROS | VINICIUS RESENDE";
				TargetAttributes = {
					A824719419D0AB0E00168026 = {
						TestTargetID = A824717419D0AB0E00168026;
					};
				};
			};
			buildConfigurationList = A824717019D0AB0E00168026 /* Build configuration list for PBXProject "FazendaDoReMi" */;
			compatibilityVersion = "Xcode 3.2";
			developmentRegion = English;
			hasScannedForEncodings = 0;
			knownRegions = (
				en,
			);
			mainGroup = A824716C19D0AB0E00168026;
			productRefGroup = A824717619D0AB0E00168026 /* Products */;
			projectDirPath = "";
			projectRoot = "";
			targets = (
				A824717419D0AB0E00168026 /* FazendaDoReMi */,
				A824719419D0AB0E00168026 /* FazendaDoReMiTests */,
			);
		};
/* End PBXProject section */

/* Begin PBXResourcesBuildPhase section */
		A824717319D0AB0E00168026 /* Resources */ = {
			isa = PBXResourcesBuildPhase;
			buildActionMask = 2147483647;
			files = (
				A8B2C26519D5FACC00B3D892 /* Vanilla.otf in Resources */,
				A8B2C27F19D60B0F00B3D892 /* botao-jornada.png in Resources */,
				A8B2C27019D6060700B3D892 /* background-arvore.png in Resources */,
				A8B2C27E19D60B0F00B3D892 /* botao-jogos.png in Resources */,
				A8B2C27919D6060700B3D892 /* porteira-fechada.png in Resources */,
				A8B2C27719D6060700B3D892 /* nuvem2.png in Resources */,
				A824718519D0AB0E00168026 /* InfoPlist.strings in Resources */,
				A8B2C27119D6060700B3D892 /* background-ceu.png in Resources */,
				A82471B219D0AE2600168026 /* iPad.storyboard in Resources */,
				A8B2C27819D6060700B3D892 /* porteira-aberta.png in Resources */,
				A8B2C27519D6060700B3D892 /* cerca.png in Resources */,
				A824719019D0AB0E00168026 /* Images.xcassets in Resources */,
				A8B2C27619D6060700B3D892 /* nuvem1.png in Resources */,
				A8B2C27D19D60B0F00B3D892 /* botao-estudio.png in Resources */,
			);
			runOnlyForDeploymentPostprocessing = 0;
		};
		A824719319D0AB0E00168026 /* Resources */ = {
			isa = PBXResourcesBuildPhase;
			buildActionMask = 2147483647;
			files = (
				A82471A219D0AB0E00168026 /* InfoPlist.strings in Resources */,
			);
			runOnlyForDeploymentPostprocessing = 0;
		};
/* End PBXResourcesBuildPhase section */

/* Begin PBXSourcesBuildPhase section */
		A824717119D0AB0E00168026 /* Sources */ = {
			isa = PBXSourcesBuildPhase;
			buildActionMask = 2147483647;
			files = (
				A811634E19D22DAE00506D94 /* GerenciadorDeSom.m in Sources */,
				A811633B19D229CB00506D94 /* Item.m in Sources */,
				A811634319D22B0000506D94 /* GerenciadorDeItem.m in Sources */,
				A811634719D22C9000506D94 /* EfeitoItem.m in Sources */,
				A8B2C25119D5E36900B3D892 /* MenuViewController.m in Sources */,
				A8F1C4C319D207CE001850E4 /* Mascote.m in Sources */,
				A8F1C4CC19D21236001850E4 /* SpriteMascote.m in Sources */,
				A811634B19D22D9E00506D94 /* SomItem.m in Sources */,
				A8F1C4B519D20502001850E4 /* Exercicio.m in Sources */,
				A824718B19D0AB0E00168026 /* AppDelegate.m in Sources */,
				A824718719D0AB0E00168026 /* main.m in Sources */,
				A8F1C4B219D1F8AD001850E4 /* EstudioViewController.m in Sources */,
				A8F1C4C519D207CE001850E4 /* Fala.m in Sources */,
				A8F1C4C919D21129001850E4 /* GerenciadorDeMascote.m in Sources */,
				A8F1C4B819D205D6001850E4 /* Aula.m in Sources */,
				A824718E19D0AB0E00168026 /* FazendaDoReMi.xcdatamodeld in Sources */,
				A811634019D22A9300506D94 /* SpriteItem.m in Sources */,
				A8F1C4BB19D206CC001850E4 /* GerenciadorDeAula.m in Sources */,
				A8F1C4C419D207CE001850E4 /* Conversa.m in Sources */,
			);
			runOnlyForDeploymentPostprocessing = 0;
		};
		A824719119D0AB0E00168026 /* Sources */ = {
			isa = PBXSourcesBuildPhase;
			buildActionMask = 2147483647;
			files = (
				A82471A419D0AB0E00168026 /* FazendaDoReMiTests.m in Sources */,
			);
			runOnlyForDeploymentPostprocessing = 0;
		};
/* End PBXSourcesBuildPhase section */

/* Begin PBXTargetDependency section */
		A824719C19D0AB0E00168026 /* PBXTargetDependency */ = {
			isa = PBXTargetDependency;
			target = A824717419D0AB0E00168026 /* FazendaDoReMi */;
			targetProxy = A824719B19D0AB0E00168026 /* PBXContainerItemProxy */;
		};
/* End PBXTargetDependency section */

/* Begin PBXVariantGroup section */
		A824718319D0AB0E00168026 /* InfoPlist.strings */ = {
			isa = PBXVariantGroup;
			children = (
				A824718419D0AB0E00168026 /* en */,
			);
			name = InfoPlist.strings;
			sourceTree = "<group>";
		};
		A82471A019D0AB0E00168026 /* InfoPlist.strings */ = {
			isa = PBXVariantGroup;
			children = (
				A82471A119D0AB0E00168026 /* en */,
			);
			name = InfoPlist.strings;
			sourceTree = "<group>";
		};
		A82471B419D0AE2600168026 /* iPad.storyboard */ = {
			isa = PBXVariantGroup;
			children = (
				A82471B319D0AE2600168026 /* en */,
			);
			name = iPad.storyboard;
			path = ..;
			sourceTree = "<group>";
		};
/* End PBXVariantGroup section */

/* Begin XCBuildConfiguration section */
		A82471A519D0AB0E00168026 /* Debug */ = {
			isa = XCBuildConfiguration;
			buildSettings = {
				ALWAYS_SEARCH_USER_PATHS = NO;
				CLANG_CXX_LANGUAGE_STANDARD = "gnu++0x";
				CLANG_CXX_LIBRARY = "libc++";
				CLANG_ENABLE_MODULES = YES;
				CLANG_ENABLE_OBJC_ARC = YES;
				CLANG_WARN_BOOL_CONVERSION = YES;
				CLANG_WARN_CONSTANT_CONVERSION = YES;
				CLANG_WARN_DIRECT_OBJC_ISA_USAGE = YES_ERROR;
				CLANG_WARN_EMPTY_BODY = YES;
				CLANG_WARN_ENUM_CONVERSION = YES;
				CLANG_WARN_INT_CONVERSION = YES;
				CLANG_WARN_OBJC_ROOT_CLASS = YES_ERROR;
				CLANG_WARN__DUPLICATE_METHOD_MATCH = YES;
				"CODE_SIGN_IDENTITY[sdk=iphoneos*]" = "iPhone Developer";
				COPY_PHASE_STRIP = NO;
				GCC_C_LANGUAGE_STANDARD = gnu99;
				GCC_DYNAMIC_NO_PIC = NO;
				GCC_OPTIMIZATION_LEVEL = 0;
				GCC_PREPROCESSOR_DEFINITIONS = (
					"DEBUG=1",
					"$(inherited)",
				);
				GCC_SYMBOLS_PRIVATE_EXTERN = NO;
				GCC_WARN_64_TO_32_BIT_CONVERSION = YES;
				GCC_WARN_ABOUT_RETURN_TYPE = YES_ERROR;
				GCC_WARN_UNDECLARED_SELECTOR = YES;
				GCC_WARN_UNINITIALIZED_AUTOS = YES_AGGRESSIVE;
				GCC_WARN_UNUSED_FUNCTION = YES;
				GCC_WARN_UNUSED_VARIABLE = YES;
				IPHONEOS_DEPLOYMENT_TARGET = 7.1;
				ONLY_ACTIVE_ARCH = YES;
				SDKROOT = iphoneos;
				TARGETED_DEVICE_FAMILY = 2;
			};
			name = Debug;
		};
		A82471A619D0AB0E00168026 /* Release */ = {
			isa = XCBuildConfiguration;
			buildSettings = {
				ALWAYS_SEARCH_USER_PATHS = NO;
				CLANG_CXX_LANGUAGE_STANDARD = "gnu++0x";
				CLANG_CXX_LIBRARY = "libc++";
				CLANG_ENABLE_MODULES = YES;
				CLANG_ENABLE_OBJC_ARC = YES;
				CLANG_WARN_BOOL_CONVERSION = YES;
				CLANG_WARN_CONSTANT_CONVERSION = YES;
				CLANG_WARN_DIRECT_OBJC_ISA_USAGE = YES_ERROR;
				CLANG_WARN_EMPTY_BODY = YES;
				CLANG_WARN_ENUM_CONVERSION = YES;
				CLANG_WARN_INT_CONVERSION = YES;
				CLANG_WARN_OBJC_ROOT_CLASS = YES_ERROR;
				CLANG_WARN__DUPLICATE_METHOD_MATCH = YES;
				"CODE_SIGN_IDENTITY[sdk=iphoneos*]" = "iPhone Developer";
				COPY_PHASE_STRIP = YES;
				ENABLE_NS_ASSERTIONS = NO;
				GCC_C_LANGUAGE_STANDARD = gnu99;
				GCC_WARN_64_TO_32_BIT_CONVERSION = YES;
				GCC_WARN_ABOUT_RETURN_TYPE = YES_ERROR;
				GCC_WARN_UNDECLARED_SELECTOR = YES;
				GCC_WARN_UNINITIALIZED_AUTOS = YES_AGGRESSIVE;
				GCC_WARN_UNUSED_FUNCTION = YES;
				GCC_WARN_UNUSED_VARIABLE = YES;
				IPHONEOS_DEPLOYMENT_TARGET = 7.1;
				SDKROOT = iphoneos;
				TARGETED_DEVICE_FAMILY = 2;
				VALIDATE_PRODUCT = YES;
			};
			name = Release;
		};
		A82471A819D0AB0E00168026 /* Debug */ = {
			isa = XCBuildConfiguration;
			buildSettings = {
				ASSETCATALOG_COMPILER_APPICON_NAME = AppIcon;
				ASSETCATALOG_COMPILER_LAUNCHIMAGE_NAME = LaunchImage;
				GCC_PRECOMPILE_PREFIX_HEADER = YES;
				GCC_PREFIX_HEADER = "FazendaDoReMi/FazendaDoReMi-Prefix.pch";
				INFOPLIST_FILE = "FazendaDoReMi/FazendaDoReMi-Info.plist";
				PRODUCT_NAME = "$(TARGET_NAME)";
				WRAPPER_EXTENSION = app;
			};
			name = Debug;
		};
		A82471A919D0AB0E00168026 /* Release */ = {
			isa = XCBuildConfiguration;
			buildSettings = {
				ASSETCATALOG_COMPILER_APPICON_NAME = AppIcon;
				ASSETCATALOG_COMPILER_LAUNCHIMAGE_NAME = LaunchImage;
				GCC_PRECOMPILE_PREFIX_HEADER = YES;
				GCC_PREFIX_HEADER = "FazendaDoReMi/FazendaDoReMi-Prefix.pch";
				INFOPLIST_FILE = "FazendaDoReMi/FazendaDoReMi-Info.plist";
				PRODUCT_NAME = "$(TARGET_NAME)";
				WRAPPER_EXTENSION = app;
			};
			name = Release;
		};
		A82471AB19D0AB0E00168026 /* Debug */ = {
			isa = XCBuildConfiguration;
			buildSettings = {
				BUNDLE_LOADER = "$(BUILT_PRODUCTS_DIR)/FazendaDoReMi.app/FazendaDoReMi";
				FRAMEWORK_SEARCH_PATHS = (
					"$(SDKROOT)/Developer/Library/Frameworks",
					"$(inherited)",
					"$(DEVELOPER_FRAMEWORKS_DIR)",
				);
				GCC_PRECOMPILE_PREFIX_HEADER = YES;
				GCC_PREFIX_HEADER = "FazendaDoReMi/FazendaDoReMi-Prefix.pch";
				GCC_PREPROCESSOR_DEFINITIONS = (
					"DEBUG=1",
					"$(inherited)",
				);
				INFOPLIST_FILE = "FazendaDoReMiTests/FazendaDoReMiTests-Info.plist";
				PRODUCT_NAME = "$(TARGET_NAME)";
				TEST_HOST = "$(BUNDLE_LOADER)";
				WRAPPER_EXTENSION = xctest;
			};
			name = Debug;
		};
		A82471AC19D0AB0E00168026 /* Release */ = {
			isa = XCBuildConfiguration;
			buildSettings = {
				BUNDLE_LOADER = "$(BUILT_PRODUCTS_DIR)/FazendaDoReMi.app/FazendaDoReMi";
				FRAMEWORK_SEARCH_PATHS = (
					"$(SDKROOT)/Developer/Library/Frameworks",
					"$(inherited)",
					"$(DEVELOPER_FRAMEWORKS_DIR)",
				);
				GCC_PRECOMPILE_PREFIX_HEADER = YES;
				GCC_PREFIX_HEADER = "FazendaDoReMi/FazendaDoReMi-Prefix.pch";
				INFOPLIST_FILE = "FazendaDoReMiTests/FazendaDoReMiTests-Info.plist";
				PRODUCT_NAME = "$(TARGET_NAME)";
				TEST_HOST = "$(BUNDLE_LOADER)";
				WRAPPER_EXTENSION = xctest;
			};
			name = Release;
		};
/* End XCBuildConfiguration section */

/* Begin XCConfigurationList section */
		A824717019D0AB0E00168026 /* Build configuration list for PBXProject "FazendaDoReMi" */ = {
			isa = XCConfigurationList;
			buildConfigurations = (
				A82471A519D0AB0E00168026 /* Debug */,
				A82471A619D0AB0E00168026 /* Release */,
			);
			defaultConfigurationIsVisible = 0;
			defaultConfigurationName = Release;
		};
		A82471A719D0AB0E00168026 /* Build configuration list for PBXNativeTarget "FazendaDoReMi" */ = {
			isa = XCConfigurationList;
			buildConfigurations = (
				A82471A819D0AB0E00168026 /* Debug */,
				A82471A919D0AB0E00168026 /* Release */,
			);
			defaultConfigurationIsVisible = 0;
			defaultConfigurationName = Release;
		};
		A82471AA19D0AB0E00168026 /* Build configuration list for PBXNativeTarget "FazendaDoReMiTests" */ = {
			isa = XCConfigurationList;
			buildConfigurations = (
				A82471AB19D0AB0E00168026 /* Debug */,
				A82471AC19D0AB0E00168026 /* Release */,
			);
			defaultConfigurationIsVisible = 0;
			defaultConfigurationName = Release;
		};
/* End XCConfigurationList section */

/* Begin XCVersionGroup section */
		A824718C19D0AB0E00168026 /* FazendaDoReMi.xcdatamodeld */ = {
			isa = XCVersionGroup;
			children = (
				A824718D19D0AB0E00168026 /* FazendaDoReMi.xcdatamodel */,
			);
			currentVersion = A824718D19D0AB0E00168026 /* FazendaDoReMi.xcdatamodel */;
			name = FazendaDoReMi.xcdatamodeld;
			path = FazendaDoReMi/FazendaDoReMi.xcdatamodeld;
			sourceTree = "<group>";
			versionGroupType = wrapper.xcdatamodel;
		};
/* End XCVersionGroup section */
	};
	rootObject = A824716D19D0AB0E00168026 /* Project object */;
}
